
Microsoft Visual Studio Solution File, Format Version 12.00
# Visual Studio 2013
VisualStudioVersion = 12.0.30324.0
MinimumVisualStudioVersion = 10.0.40219.1
Project("{FAE04EC0-301F-11D3-BF4B-00C04F79EFBC}") = "BingMapsJsHelper", "BingMapsJsHelper.csproj", "{DF1FDFF9-99E2-403D-A1E6-515316162441}"
EndProject
Global
	GlobalSection(TeamFoundationVersionControl) = preSolution
		SccNumberOfProjects = 2
		SccEnterpriseProvider = {4CA58AB2-18FA-4F8D-95D4-32DDF27D184C}
		SccTeamFoundationServer = https://tfs.codeplex.com/tfs/tfs06
		SccLocalPath0 = .
		SccProjectUniqueName1 = BingMapsJsHelper.csproj
		SccLocalPath1 = .
	EndGlobalSection
	GlobalSection(SolutionConfigurationPlatforms) = preSolution
		Debug|Any CPU = Debug|Any CPU
		Release|Any CPU = Release|Any CPU
	EndGlobalSection
	GlobalSection(ProjectConfigurationPlatforms) = postSolution
		{DF1FDFF9-99E2-403D-A1E6-515316162441}.Debug|Any CPU.ActiveCfg = Debug|Any CPU
		{DF1FDFF9-99E2-403D-A1E6-515316162441}.Debug|Any CPU.Build.0 = Debug|Any CPU
		{DF1FDFF9-99E2-403D-A1E6-515316162441}.Release|Any CPU.ActiveCfg = Release|Any CPU
		{DF1FDFF9-99E2-403D-A1E6-515316162441}.Release|Any CPU.Build.0 = Release|Any CPU
	EndGlobalSection
	GlobalSection(SolutionProperties) = preSolution
		HideSolutionNode = FALSE
	EndGlobalSection
EndGlobal
